
Microsoft Visual Studio Solution File, Format Version 12.00
# Visual Studio Version 16
VisualStudioVersion = 16.0.31702.278
MinimumVisualStudioVersion = 10.0.40219.1
Project("{9A19103F-16F7-4668-BE54-9A1E7A4F7556}") = "SGEMP-08_Ejercicios_Datos-Controlador_Core_UI", "SGEMP-08_Ejercicios_Datos-Controlador_Core_UI\SGEMP-08_Ejercicios_Datos-Controlador_Core_UI.csproj", "{433535E0-6538-4353-9A73-4AAE3D5DB606}"
EndProject
Project("{9A19103F-16F7-4668-BE54-9A1E7A4F7556}") = "Entidades", "Entidades\Entidades.csproj", "{C83A6161-5385-45E5-8633-FD2C0BBEF218}"
EndProject
Project("{FAE04EC0-301F-11D3-BF4B-00C04F79EFBC}") = "DAL", "DAL\DAL.csproj", "{51DD9E54-3460-44E6-BEB3-920887F875A0}"
EndProject
Global
	GlobalSection(SolutionConfigurationPlatforms) = preSolution
		Debug|Any CPU = Debug|Any CPU
		Release|Any CPU = Release|Any CPU
	EndGlobalSection
	GlobalSection(ProjectConfigurationPlatforms) = postSolution
		{433535E0-6538-4353-9A73-4AAE3D5DB606}.Debug|Any CPU.ActiveCfg = Debug|Any CPU
		{433535E0-6538-4353-9A73-4AAE3D5DB606}.Debug|Any CPU.Build.0 = Debug|Any CPU
		{433535E0-6538-4353-9A73-4AAE3D5DB606}.Release|Any CPU.ActiveCfg = Release|Any CPU
		{433535E0-6538-4353-9A73-4AAE3D5DB606}.Release|Any CPU.Build.0 = Release|Any CPU
		{C83A6161-5385-45E5-8633-FD2C0BBEF218}.Debug|Any CPU.ActiveCfg = Debug|Any CPU
		{C83A6161-5385-45E5-8633-FD2C0BBEF218}.Debug|Any CPU.Build.0 = Debug|Any CPU
		{C83A6161-5385-45E5-8633-FD2C0BBEF218}.Release|Any CPU.ActiveCfg = Release|Any CPU
		{C83A6161-5385-45E5-8633-FD2C0BBEF218}.Release|Any CPU.Build.0 = Release|Any CPU
		{51DD9E54-3460-44E6-BEB3-920887F875A0}.Debug|Any CPU.ActiveCfg = Debug|Any CPU
		{51DD9E54-3460-44E6-BEB3-920887F875A0}.Debug|Any CPU.Build.0 = Debug|Any CPU
		{51DD9E54-3460-44E6-BEB3-920887F875A0}.Release|Any CPU.ActiveCfg = Release|Any CPU
		{51DD9E54-3460-44E6-BEB3-920887F875A0}.Release|Any CPU.Build.0 = Release|Any CPU
	EndGlobalSection
	GlobalSection(SolutionProperties) = preSolution
		HideSolutionNode = FALSE
	EndGlobalSection
	GlobalSection(ExtensibilityGlobals) = postSolution
		SolutionGuid = {99330062-700B-4080-94DE-A22560273914}
	EndGlobalSection
EndGlobal
